{
  "name": "simpleiot-js",
  "version": "0.1.1",
  "lockfileVersion": 2,
  "requires": true,
  "packages": {
    "": {
      "name": "simpleiot-js",
      "version": "0.1.1",
      "license": "MIT",
      "dependencies": {
        "google-protobuf": "^3.20.1",
        "nats.ws": "^1.7.2"
      }
    },
    "node_modules/@types/node": {
      "version": "14.18.16",
      "resolved": "https://registry.npmjs.org/@types/node/-/node-14.18.16.tgz",
      "integrity": "sha512-X3bUMdK/VmvrWdoTkz+VCn6nwKwrKCFTHtqwBIaQJNx4RUIBBUFXM00bqPz/DsDd+Icjmzm6/tyYZzeGVqb6/Q==",
      "optional": true
    },
    "node_modules/google-protobuf": {
      "version": "3.20.1",
      "resolved": "https://registry.npmjs.org/google-protobuf/-/google-protobuf-3.20.1.tgz",
      "integrity": "sha512-XMf1+O32FjYIV3CYu6Tuh5PNbfNEU5Xu22X+Xkdb/DUexFlCzhvv7d5Iirm4AOwn8lv4al1YvIhzGrg2j9Zfzw=="
    },
    "node_modules/nats.ws": {
      "version": "1.7.2",
      "resolved": "https://registry.npmjs.org/nats.ws/-/nats.ws-1.7.2.tgz",
      "integrity": "sha512-joNHe8DOXrzwPA7Kk7qZug39DmFRUifRVoB1Be0w/29Xj4PnqpF9HNihid/QxwHBs/JfFbwaJGhQDRgC7z3SpQ==",
      "optionalDependencies": {
        "nkeys.js": "^1.0.0-9"
      }
    },
    "node_modules/nkeys.js": {
      "version": "1.0.0-9",
      "resolved": "https://registry.npmjs.org/nkeys.js/-/nkeys.js-1.0.0-9.tgz",
      "integrity": "sha512-m9O0NQT+3rUe1om6MWpxV77EuHql/LdorDH+FYQkoeARcM2V0sQ89kM36fArWaHWq/25EmNmQUW0MhLTcbqW1A==",
      "optional": true,
      "dependencies": {
        "@types/node": "^14.0.26",
        "tweetnacl": "^1.0.3"
      },
      "engines": {
        "node": ">=10.0.0"
      }
    },
    "node_modules/tweetnacl": {
      "version": "1.0.3",
      "resolved": "https://registry.npmjs.org/tweetnacl/-/tweetnacl-1.0.3.tgz",
      "integrity": "sha512-6rt+RN7aOi1nGMyC4Xa5DdYiukl2UWCbcJft7YhxReBGQD7OAM8Pbxw6YMo4r2diNEA8FEmu32YOn9rhaiE5yw==",
      "optional": true
    }
  },
  "dependencies": {
    "@types/node": {
      "version": "14.18.16",
      "resolved": "https://registry.npmjs.org/@types/node/-/node-14.18.16.tgz",
      "integrity": "sha512-X3bUMdK/VmvrWdoTkz+VCn6nwKwrKCFTHtqwBIaQJNx4RUIBBUFXM00bqPz/DsDd+Icjmzm6/tyYZzeGVqb6/Q==",
      "optional": true
    },
    "google-protobuf": {
      "version": "3.20.1",
      "resolved": "https://registry.npmjs.org/google-protobuf/-/google-protobuf-3.20.1.tgz",
      "integrity": "sha512-XMf1+O32FjYIV3CYu6Tuh5PNbfNEU5Xu22X+Xkdb/DUexFlCzhvv7d5Iirm4AOwn8lv4al1YvIhzGrg2j9Zfzw=="
    },
    "nats.ws": {
      "version": "1.7.2",
      "resolved": "https://registry.npmjs.org/nats.ws/-/nats.ws-1.7.2.tgz",
      "integrity": "sha512-joNHe8DOXrzwPA7Kk7qZug39DmFRUifRVoB1Be0w/29Xj4PnqpF9HNihid/QxwHBs/JfFbwaJGhQDRgC7z3SpQ==",
      "requires": {
        "nkeys.js": "^1.0.0-9"
      }
    },
    "nkeys.js": {
      "version": "1.0.0-9",
      "resolved": "https://registry.npmjs.org/nkeys.js/-/nkeys.js-1.0.0-9.tgz",
      "integrity": "sha512-m9O0NQT+3rUe1om6MWpxV77EuHql/LdorDH+FYQkoeARcM2V0sQ89kM36fArWaHWq/25EmNmQUW0MhLTcbqW1A==",
      "optional": true,
      "requires": {
        "@types/node": "^14.0.26",
        "tweetnacl": "^1.0.3"
      }
    },
    "tweetnacl": {
      "version": "1.0.3",
      "resolved": "https://registry.npmjs.org/tweetnacl/-/tweetnacl-1.0.3.tgz",
      "integrity": "sha512-6rt+RN7aOi1nGMyC4Xa5DdYiukl2UWCbcJft7YhxReBGQD7OAM8Pbxw6YMo4r2diNEA8FEmu32YOn9rhaiE5yw==",
      "optional": true
    }
  }
}
